# THIS IS AN AUTOGENERATED FILE. DO NOT EDIT THIS FILE DIRECTLY.
# yarn lockfile v1


"@chevrotain/cst-dts-gen@11.1.1":
  version "11.1.1"
  resolved "https://registry.npmjs.org/@chevrotain/cst-dts-gen/-/cst-dts-gen-11.1.1.tgz"
  integrity sha512-fRHyv6/f542qQqiRGalrfJl/evD39mAvbJLCekPazhiextEatq1Jx1K/i9gSd5NNO0ds03ek0Cbo/4uVKmOBcw==
  dependencies:
    "@chevrotain/gast" "11.1.1"
    "@chevrotain/types" "11.1.1"
    lodash-es "4.17.23"

"@chevrotain/gast@11.1.1":
  version "11.1.1"
  resolved "https://registry.npmjs.org/@chevrotain/gast/-/gast-11.1.1.tgz"
  integrity sha512-Ko/5vPEYy1vn5CbCjjvnSO4U7GgxyGm+dfUZZJIWTlQFkXkyym0jFYrWEU10hyCjrA7rQtiHtBr0EaZqvHFZvg==
  dependencies:
    "@chevrotain/types" "11.1.1"
    lodash-es "4.17.23"

"@chevrotain/regexp-to-ast@11.1.1":
  version "11.1.1"
  resolved "https://registry.npmjs.org/@chevrotain/regexp-to-ast/-/regexp-to-ast-11.1.1.tgz"
  integrity sha512-ctRw1OKSXkOrR8VTvOxrQ5USEc4sNrfwXHa1NuTcR7wre4YbjPcKw+82C2uylg/TEwFRgwLmbhlln4qkmDyteg==

"@chevrotain/types@11.1.1":
  version "11.1.1"
  resolved "https://registry.npmjs.org/@chevrotain/types/-/types-11.1.1.tgz"
  integrity sha512-wb2ToxG8LkgPYnKe9FH8oGn3TMCBdnwiuNC5l5y+CtlaVRbCytU0kbVsk6CGrqTL4ZN4ksJa0TXOYbxpbthtqw==

"@chevrotain/utils@11.1.1":
  version "11.1.1"
  resolved "https://registry.npmjs.org/@chevrotain/utils/-/utils-11.1.1.tgz"
  integrity sha512-71eTYMzYXYSFPrbg/ZwftSaSDld7UYlS8OQa3lNnn9jzNtpFbaReRRyghzqS7rI3CDaorqpPJJcXGHK+FE1TVQ==

"@comunica/context-entries-link-traversal@^0.7.0":
  version "0.7.0"
  resolved "https://registry.npmjs.org/@comunica/context-entries-link-traversal/-/context-entries-link-traversal-0.7.0.tgz"
  integrity sha512-QqCnz9AG+pzwz2oOkivz22hU6e1QVR5kdvoq7CbZKZV7n6zdGAsTjwNUXxDa++8Lghppj2nPrR+awhp3SfIAqw==
  dependencies:
    "@comunica/core" "^4.2.0"
    "@comunica/types-link-traversal" "^0.7.0"

"@comunica/context-entries@^4.5.0":
  version "4.5.0"
  resolved "https://registry.npmjs.org/@comunica/context-entries/-/context-entries-4.5.0.tgz"
  integrity sha512-mgeSYFBcpMKLq34COpy129LVHigGUgA1uEI66WXmk3mdmlAKRQNe9D/W2Q924w0FZZmIOpeLMo+s358tFsodow==
  dependencies:
    "@comunica/core" "^4.5.0"
    "@comunica/types" "^4.5.0"
    "@rdfjs/types" "*"
    jsonld-context-parser "^2.2.2"
    sparqlalgebrajs "^5.0.2"

"@comunica/context-entries@^5.1.0":
  version "5.1.0"
  resolved "https://registry.npmjs.org/@comunica/context-entries/-/context-entries-5.1.0.tgz"
  integrity sha512-abg/wvv4ClM7vruECODwNF/h4x+mtITiTHV9yDE8FHaNL+5vGTW9MDh+Qh7mtlw01XWJIXcdC0uJRoBjPYwQ4Q==
  dependencies:
    "@comunica/core" "^5.1.0"
    "@comunica/types" "^5.1.0"
    "@comunica/utils-algebra" "^5.0.0"
    "@rdfjs/types" "*"
    jsonld-context-parser "^2.2.2"

"@comunica/core@^4.2.0":
  version "4.2.0"
  resolved "https://registry.npmjs.org/@comunica/core/-/core-4.2.0.tgz"
  integrity sha512-E4TfsxmBYgan9xPSCAom6B231EonTFxM/hEdFbRmVhuCv+Ids7d4UhGt3MENJDXH+UhURjqKpfzYySvAqYqVOA==
  dependencies:
    "@comunica/types" "^4.2.0"
    immutable "^4.3.7"

"@comunica/core@^4.5.0":
  version "4.5.0"
  resolved "https://registry.npmjs.org/@comunica/core/-/core-4.5.0.tgz"
  integrity sha512-UFHBboFaY0eESH0H8qJRIRuRfda2QduS886l2sRum/V4qhzJkMpf3zdOoZoBbRDU24PBmliWysi9TEsaPsyRwg==
  dependencies:
    "@comunica/types" "^4.5.0"
    immutable "^5.1.3"

"@comunica/core@^5.1.0":
  version "5.1.0"
  resolved "https://registry.npmjs.org/@comunica/core/-/core-5.1.0.tgz"
  integrity sha512-4XBBtlGdEJqH7oLJsOtn69q2Inv0JYC9+MqZ4eJlWptmCftNl2x0xpZGKQXH2GOk2OrNRr0k5TD9XQUx/j68FQ==
  dependencies:
    "@comunica/types" "^5.1.0"
    immutable "^5.1.3"

"@comunica/logger-pretty@^5.0.5":
  version "5.1.0"
  resolved "https://registry.npmjs.org/@comunica/logger-pretty/-/logger-pretty-5.1.0.tgz"
  integrity sha512-sAK7zfjLkmpknykltYFj9P/5mEATNeHq1IV9/fV92TslEB/C3aM4eL/BzSZU3YKe8ztu3j68QcfJYbxFzHZvFw==
  dependencies:
    "@comunica/types" "^5.1.0"
    object-inspect "^1.12.2"
    process "^0.11.10"

"@comunica/query-sparql-link-traversal-solid@^0.8.0":
  version "0.8.0"
  resolved "file:../caching-link-traversal/comunica-feature-link-traversal-caching/engines/query-sparql-link-traversal-solid"
  dependencies:
    "@comunica/actor-bindings-aggregator-factory-average" "^5.0.3"
    "@comunica/actor-bindings-aggregator-factory-count" "^5.0.3"
    "@comunica/actor-bindings-aggregator-factory-group-concat" "^5.0.3"
    "@comunica/actor-bindings-aggregator-factory-max" "^5.0.3"
    "@comunica/actor-bindings-aggregator-factory-min" "^5.0.3"
    "@comunica/actor-bindings-aggregator-factory-sample" "^5.0.3"
    "@comunica/actor-bindings-aggregator-factory-sum" "^5.0.3"
    "@comunica/actor-bindings-aggregator-factory-wildcard-count" "^5.0.3"
    "@comunica/actor-context-preprocess-convert-shortcuts" "^5.0.3"
    "@comunica/actor-context-preprocess-set-cache-count-view" "^0.8.0"
    "@comunica/actor-context-preprocess-set-cache-source-state" "^0.8.0"
    "@comunica/actor-context-preprocess-set-defaults" "^5.0.3"
    "@comunica/actor-context-preprocess-set-defaults-link-traversal" "^0.8.0"
    "@comunica/actor-context-preprocess-set-persistent-cache-manager" "^5.0.3"
    "@comunica/actor-context-preprocess-source-to-destination" "^5.0.3"
    "@comunica/actor-dereference-fallback" "^5.0.3"
    "@comunica/actor-dereference-http" "^5.0.3"
    "@comunica/actor-dereference-rdf-parse" "^5.0.3"
    "@comunica/actor-expression-evaluator-factory-default" "^5.0.3"
    "@comunica/actor-extract-links-headers" "^0.8.0"
    "@comunica/actor-extract-links-predicates" "^0.8.0"
    "@comunica/actor-extract-links-quad-pattern-query" "^0.8.0"
    "@comunica/actor-extract-links-solid-type-index" "^0.8.0"
    "@comunica/actor-factory-aggregated-store-memory" "^0.8.0"
    "@comunica/actor-function-factory-expression-bnode" "^5.0.3"
    "@comunica/actor-function-factory-expression-bound" "^5.0.3"
    "@comunica/actor-function-factory-expression-coalesce" "^5.0.3"
    "@comunica/actor-function-factory-expression-concat" "^5.0.3"
    "@comunica/actor-function-factory-expression-extensions" "^5.0.3"
    "@comunica/actor-function-factory-expression-if" "^5.0.3"
    "@comunica/actor-function-factory-expression-in" "^5.0.3"
    "@comunica/actor-function-factory-expression-logical-and" "^5.0.3"
    "@comunica/actor-function-factory-expression-logical-or" "^5.0.3"
    "@comunica/actor-function-factory-expression-not-in" "^5.0.3"
    "@comunica/actor-function-factory-expression-same-term" "^5.0.3"
    "@comunica/actor-function-factory-term-abs" "^5.0.3"
    "@comunica/actor-function-factory-term-addition" "^5.0.3"
    "@comunica/actor-function-factory-term-ceil" "^5.0.3"
    "@comunica/actor-function-factory-term-contains" "^5.0.3"
    "@comunica/actor-function-factory-term-datatype" "^5.0.3"
    "@comunica/actor-function-factory-term-day" "^5.0.3"
    "@comunica/actor-function-factory-term-division" "^5.0.3"
    "@comunica/actor-function-factory-term-encode-for-uri" "^5.0.3"
    "@comunica/actor-function-factory-term-equality" "^5.0.3"
    "@comunica/actor-function-factory-term-floor" "^5.0.3"
    "@comunica/actor-function-factory-term-greater-than" "^5.0.3"
    "@comunica/actor-function-factory-term-greater-than-equal" "^5.0.3"
    "@comunica/actor-function-factory-term-has-lang" "^5.0.3"
    "@comunica/actor-function-factory-term-has-langdir" "^5.0.3"
    "@comunica/actor-function-factory-term-hours" "^5.0.3"
    "@comunica/actor-function-factory-term-inequality" "^5.0.3"
    "@comunica/actor-function-factory-term-iri" "^5.0.3"
    "@comunica/actor-function-factory-term-is-blank" "^5.0.3"
    "@comunica/actor-function-factory-term-is-iri" "^5.0.3"
    "@comunica/actor-function-factory-term-is-literal" "^5.0.3"
    "@comunica/actor-function-factory-term-is-numeric" "^5.0.3"
    "@comunica/actor-function-factory-term-is-triple" "^5.0.3"
    "@comunica/actor-function-factory-term-lang" "^5.0.3"
    "@comunica/actor-function-factory-term-langdir" "^5.0.3"
    "@comunica/actor-function-factory-term-langmatches" "^5.0.3"
    "@comunica/actor-function-factory-term-lcase" "^5.0.3"
    "@comunica/actor-function-factory-term-lesser-than" "^5.0.3"
    "@comunica/actor-function-factory-term-lesser-than-equal" "^5.0.3"
    "@comunica/actor-function-factory-term-md5" "^5.0.3"
    "@comunica/actor-function-factory-term-minutes" "^5.0.3"
    "@comunica/actor-function-factory-term-month" "^5.0.3"
    "@comunica/actor-function-factory-term-multiplication" "^5.0.3"
    "@comunica/actor-function-factory-term-not" "^5.0.3"
    "@comunica/actor-function-factory-term-now" "^5.0.3"
    "@comunica/actor-function-factory-term-object" "^5.0.3"
    "@comunica/actor-function-factory-term-predicate" "^5.0.3"
    "@comunica/actor-function-factory-term-rand" "^5.0.3"
    "@comunica/actor-function-factory-term-regex" "^5.0.3"
    "@comunica/actor-function-factory-term-replace" "^5.0.3"
    "@comunica/actor-function-factory-term-round" "^5.0.3"
    "@comunica/actor-function-factory-term-seconds" "^5.0.3"
    "@comunica/actor-function-factory-term-sha1" "^5.0.3"
    "@comunica/actor-function-factory-term-sha256" "^5.0.3"
    "@comunica/actor-function-factory-term-sha384" "^5.0.3"
    "@comunica/actor-function-factory-term-sha512" "^5.0.3"
    "@comunica/actor-function-factory-term-str" "^5.0.3"
    "@comunica/actor-function-factory-term-str-after" "^5.0.3"
    "@comunica/actor-function-factory-term-str-before" "^5.0.3"
    "@comunica/actor-function-factory-term-str-dt" "^5.0.3"
    "@comunica/actor-function-factory-term-str-ends" "^5.0.3"
    "@comunica/actor-function-factory-term-str-lang" "^5.0.3"
    "@comunica/actor-function-factory-term-str-langdir" "^5.0.3"
    "@comunica/actor-function-factory-term-str-len" "^5.0.3"
    "@comunica/actor-function-factory-term-str-starts" "^5.0.3"
    "@comunica/actor-function-factory-term-str-uuid" "^5.0.3"
    "@comunica/actor-function-factory-term-sub-str" "^5.0.3"
    "@comunica/actor-function-factory-term-subject" "^5.0.3"
    "@comunica/actor-function-factory-term-subtraction" "^5.0.3"
    "@comunica/actor-function-factory-term-timezone" "^5.0.3"
    "@comunica/actor-function-factory-term-triple" "^5.0.3"
    "@comunica/actor-function-factory-term-tz" "^5.0.3"
    "@comunica/actor-function-factory-term-ucase" "^5.0.3"
    "@comunica/actor-function-factory-term-unary-minus" "^5.0.3"
    "@comunica/actor-function-factory-term-unary-plus" "^5.0.3"
    "@comunica/actor-function-factory-term-uuid" "^5.0.3"
    "@comunica/actor-function-factory-term-xsd-to-boolean" "^5.0.3"
    "@comunica/actor-function-factory-term-xsd-to-date" "^5.0.3"
    "@comunica/actor-function-factory-term-xsd-to-datetime" "^5.0.3"
    "@comunica/actor-function-factory-term-xsd-to-day-time-duration" "^5.0.3"
    "@comunica/actor-function-factory-term-xsd-to-decimal" "^5.0.3"
    "@comunica/actor-function-factory-term-xsd-to-double" "^5.0.3"
    "@comunica/actor-function-factory-term-xsd-to-duration" "^5.0.3"
    "@comunica/actor-function-factory-term-xsd-to-float" "^5.0.3"
    "@comunica/actor-function-factory-term-xsd-to-integer" "^5.0.3"
    "@comunica/actor-function-factory-term-xsd-to-string" "^5.0.3"
    "@comunica/actor-function-factory-term-xsd-to-time" "^5.0.3"
    "@comunica/actor-function-factory-term-xsd-to-year-month-duration" "^5.0.3"
    "@comunica/actor-function-factory-term-year" "^5.0.3"
    "@comunica/actor-hash-bindings-murmur" "^5.0.3"
    "@comunica/actor-hash-quads-murmur" "^5.0.3"
    "@comunica/actor-http-fetch" "^5.0.3"
    "@comunica/actor-http-inrupt-solid-client-authn" "^5.0.1"
    "@comunica/actor-http-limit-rate" "^5.0.3"
    "@comunica/actor-http-proxy" "^5.0.3"
    "@comunica/actor-http-retry" "^5.0.3"
    "@comunica/actor-http-wayback" "^5.0.3"
    "@comunica/actor-init-query" "^5.0.3"
    "@comunica/actor-optimize-query-operation-assign-sources-exhaustive" "^5.0.3"
    "@comunica/actor-optimize-query-operation-bgp-to-join" "^5.0.3"
    "@comunica/actor-optimize-query-operation-construct-distinct" "^5.0.3"
    "@comunica/actor-optimize-query-operation-describe-to-constructs-subject" "^5.0.3"
    "@comunica/actor-optimize-query-operation-filter-pushdown" "^5.0.3"
    "@comunica/actor-optimize-query-operation-group-sources" "^5.0.3"
    "@comunica/actor-optimize-query-operation-initialize-link-traversal-manager" "^0.8.0"
    "@comunica/actor-optimize-query-operation-join-bgp" "^5.0.3"
    "@comunica/actor-optimize-query-operation-join-connected" "^5.0.3"
    "@comunica/actor-optimize-query-operation-leftjoin-expression-pushdown" "^5.0.3"
    "@comunica/actor-optimize-query-operation-prune-empty-source-operations" "^5.0.3"
    "@comunica/actor-optimize-query-operation-query-source-identify" "^5.0.3"
    "@comunica/actor-optimize-query-operation-query-source-skolemize" "^5.0.3"
    "@comunica/actor-optimize-query-operation-rewrite-add" "^5.0.3"
    "@comunica/actor-optimize-query-operation-rewrite-copy" "^5.0.3"
    "@comunica/actor-optimize-query-operation-rewrite-move" "^5.0.3"
    "@comunica/actor-optimize-query-operation-set-cache-query-source" "^0.8.0"
    "@comunica/actor-optimize-query-operation-set-cache-query-source-bloom-filter" "^0.8.0"
    "@comunica/actor-optimize-query-operation-set-seed-sources-quadpattern-iris" "^0.8.0"
    "@comunica/actor-query-operation-ask" "^5.0.3"
    "@comunica/actor-query-operation-bgp-join" "^5.0.3"
    "@comunica/actor-query-operation-construct" "^5.0.3"
    "@comunica/actor-query-operation-distinct-identity" "^5.0.3"
    "@comunica/actor-query-operation-extend" "^5.0.3"
    "@comunica/actor-query-operation-filter" "^5.0.3"
    "@comunica/actor-query-operation-from-quad" "^5.0.3"
    "@comunica/actor-query-operation-group" "^5.0.3"
    "@comunica/actor-query-operation-join" "^5.0.3"
    "@comunica/actor-query-operation-leftjoin" "^5.0.3"
    "@comunica/actor-query-operation-minus" "^5.0.3"
    "@comunica/actor-query-operation-nop" "^5.0.3"
    "@comunica/actor-query-operation-orderby" "^5.0.3"
    "@comunica/actor-query-operation-path-alt" "^5.0.3"
    "@comunica/actor-query-operation-path-inv" "^5.0.3"
    "@comunica/actor-query-operation-path-link" "^5.0.3"
    "@comunica/actor-query-operation-path-nps" "^5.0.3"
    "@comunica/actor-query-operation-path-one-or-more" "^5.0.3"
    "@comunica/actor-query-operation-path-seq" "^5.0.3"
    "@comunica/actor-query-operation-path-zero-or-more" "^5.0.3"
    "@comunica/actor-query-operation-path-zero-or-one" "^5.0.3"
    "@comunica/actor-query-operation-project" "^5.0.3"
    "@comunica/actor-query-operation-reduced-hash" "^5.0.3"
    "@comunica/actor-query-operation-slice" "^5.0.3"
    "@comunica/actor-query-operation-source" "^5.0.3"
    "@comunica/actor-query-operation-union" "^5.0.3"
    "@comunica/actor-query-operation-update-clear" "^5.0.3"
    "@comunica/actor-query-operation-update-compositeupdate" "^5.0.3"
    "@comunica/actor-query-operation-update-create" "^5.0.3"
    "@comunica/actor-query-operation-update-deleteinsert" "^5.0.3"
    "@comunica/actor-query-operation-update-drop" "^5.0.3"
    "@comunica/actor-query-operation-update-load" "^5.0.3"
    "@comunica/actor-query-operation-values" "^5.0.3"
    "@comunica/actor-query-parse-graphql" "^5.0.3"
    "@comunica/actor-query-parse-sparql" "^5.0.3"
    "@comunica/actor-query-process-explain-logical" "^5.0.3"
    "@comunica/actor-query-process-explain-parsed" "^5.0.3"
    "@comunica/actor-query-process-explain-physical" "^5.0.3"
    "@comunica/actor-query-process-explain-query" "^5.0.3"
    "@comunica/actor-query-process-sequential" "^5.0.3"
    "@comunica/actor-query-result-serialize-json" "^5.0.3"
    "@comunica/actor-query-result-serialize-rdf" "^5.0.3"
    "@comunica/actor-query-result-serialize-simple" "^5.0.3"
    "@comunica/actor-query-result-serialize-sparql-csv" "^5.0.3"
    "@comunica/actor-query-result-serialize-sparql-json" "^5.0.3"
    "@comunica/actor-query-result-serialize-sparql-tsv" "^5.0.3"
    "@comunica/actor-query-result-serialize-sparql-xml" "^5.0.3"
    "@comunica/actor-query-result-serialize-stats" "^5.0.3"
    "@comunica/actor-query-result-serialize-table" "^5.0.3"
    "@comunica/actor-query-result-serialize-tree" "^5.0.3"
    "@comunica/actor-query-serialize-sparql" "^5.0.3"
    "@comunica/actor-query-source-dereference-link-force-sparql" "^5.0.3"
    "@comunica/actor-query-source-dereference-link-hypermedia" "^5.0.3"
    "@comunica/actor-query-source-dereference-link-hypermedia-wrap-cache" "^0.8.0"
    "@comunica/actor-query-source-dereference-link-hypermedia-wrap-cache-query-source" "^0.8.0"
    "@comunica/actor-query-source-identify-hypermedia" "^5.0.3"
    "@comunica/actor-query-source-identify-hypermedia-none" "^5.0.3"
    "@comunica/actor-query-source-identify-hypermedia-none-lazy" "^0.8.0"
    "@comunica/actor-query-source-identify-hypermedia-qpf" "^5.0.3"
    "@comunica/actor-query-source-identify-hypermedia-sparql" "^5.0.3"
    "@comunica/actor-query-source-identify-link-traversal" "^0.8.0"
    "@comunica/actor-query-source-identify-rdfjs" "^5.0.3"
    "@comunica/actor-query-source-identify-serialized" "^5.0.3"
    "@comunica/actor-rdf-join-entries-sort-cardinality-cache" "0.8.0"
    "@comunica/actor-rdf-join-entries-sort-traversal-zero-knowledge" "^0.8.0"
    "@comunica/actor-rdf-join-inner-multi-bind" "^5.0.3"
    "@comunica/actor-rdf-join-inner-multi-bind-source" "^5.0.3"
    "@comunica/actor-rdf-join-inner-multi-smallest" "^5.0.3"
    "@comunica/actor-rdf-join-inner-multi-smallest-filter-bindings" "^5.0.3"
    "@comunica/actor-rdf-join-inner-multi-stems" "^5.0.3"
    "@comunica/actor-rdf-join-inner-nestedloop" "^5.0.3"
    "@comunica/actor-rdf-join-inner-none" "^5.0.3"
    "@comunica/actor-rdf-join-inner-single" "^5.0.3"
    "@comunica/actor-rdf-join-inner-symmetrichash" "^5.0.3"
    "@comunica/actor-rdf-join-minus-hash" "^5.0.3"
    "@comunica/actor-rdf-join-optional-bind" "^5.0.3"
    "@comunica/actor-rdf-join-optional-hash" "^5.0.3"
    "@comunica/actor-rdf-join-optional-nestedloop" "^5.0.3"
    "@comunica/actor-rdf-join-selectivity-variable-counting" "^5.0.3"
    "@comunica/actor-rdf-metadata-accumulate-cardinality" "^5.0.3"
    "@comunica/actor-rdf-metadata-accumulate-pagesize" "^5.0.3"
    "@comunica/actor-rdf-metadata-accumulate-requesttime" "^5.0.3"
    "@comunica/actor-rdf-metadata-all" "^5.0.3"
    "@comunica/actor-rdf-metadata-extract-allow-http-methods" "^5.0.3"
    "@comunica/actor-rdf-metadata-extract-hydra-controls" "^5.0.3"
    "@comunica/actor-rdf-metadata-extract-hydra-count" "^5.0.3"
    "@comunica/actor-rdf-metadata-extract-hydra-pagesize" "^5.0.3"
    "@comunica/actor-rdf-metadata-extract-patch-sparql-update" "^5.0.3"
    "@comunica/actor-rdf-metadata-extract-post-accepted" "^5.0.3"
    "@comunica/actor-rdf-metadata-extract-put-accepted" "^5.0.3"
    "@comunica/actor-rdf-metadata-extract-request-time" "^5.0.3"
    "@comunica/actor-rdf-metadata-extract-sparql-service" "^5.0.3"
    "@comunica/actor-rdf-metadata-extract-traverse" "^0.8.0"
    "@comunica/actor-rdf-metadata-extract-void" "^5.0.3"
    "@comunica/actor-rdf-metadata-primary-topic" "^5.0.3"
    "@comunica/actor-rdf-parse-html" "^5.0.3"
    "@comunica/actor-rdf-parse-html-microdata" "^5.0.3"
    "@comunica/actor-rdf-parse-html-rdfa" "^5.0.3"
    "@comunica/actor-rdf-parse-html-script" "^5.0.3"
    "@comunica/actor-rdf-parse-jsonld" "^5.0.3"
    "@comunica/actor-rdf-parse-n3" "^5.0.3"
    "@comunica/actor-rdf-parse-rdfxml" "^5.0.3"
    "@comunica/actor-rdf-parse-shaclc" "^5.0.3"
    "@comunica/actor-rdf-parse-xml-rdfa" "^5.0.3"
    "@comunica/actor-rdf-resolve-hypermedia-links-next" "^5.0.3"
    "@comunica/actor-rdf-resolve-hypermedia-links-queue-fifo" "^5.0.3"
    "@comunica/actor-rdf-resolve-hypermedia-links-traverse" "^0.8.0"
    "@comunica/actor-rdf-serialize-jsonld" "^5.0.3"
    "@comunica/actor-rdf-serialize-n3" "^5.0.3"
    "@comunica/actor-rdf-serialize-shaclc" "^5.0.3"
    "@comunica/actor-rdf-update-hypermedia-patch-sparql-update" "^5.0.3"
    "@comunica/actor-rdf-update-hypermedia-put-ldp" "^5.0.3"
    "@comunica/actor-rdf-update-hypermedia-sparql" "^5.0.3"
    "@comunica/actor-rdf-update-quads-hypermedia" "^5.0.3"
    "@comunica/actor-rdf-update-quads-rdfjs-store" "^5.0.3"
    "@comunica/actor-term-comparator-factory-expression-evaluator" "^5.0.3"
    "@comunica/bus-function-factory" "^5.0.3"
    "@comunica/bus-http-invalidate" "^5.0.3"
    "@comunica/bus-query-operation" "^5.0.3"
    "@comunica/cache-manager-entries" "^5.0.3"
    "@comunica/config-query-sparql-link-traversal" "^0.8.0"
    "@comunica/context-entries" "^5.0.3"
    "@comunica/context-entries-link-traversal" "^0.8.0"
    "@comunica/core" "^5.0.3"
    "@comunica/logger-void" "^5.0.0"
    "@comunica/mediator-all" "^5.0.3"
    "@comunica/mediator-combine-array" "^0.8.0"
    "@comunica/mediator-combine-pipeline" "^5.0.3"
    "@comunica/mediator-combine-union" "^5.0.3"
    "@comunica/mediator-join-coefficients-fixed" "^5.0.3"
    "@comunica/mediator-number" "^5.0.3"
    "@comunica/mediator-race" "^5.0.3"
    "@comunica/query-sparql-solid" "^5.0.1"
    "@comunica/runner" "^5.0.3"
    "@comunica/runner-cli" "^5.0.3"
    "@comunica/types" "^5.0.0"
    yargs "^17.7.2"

"@comunica/statistic-base@^4.5.0":
  version "4.5.0"
  resolved "https://registry.npmjs.org/@comunica/statistic-base/-/statistic-base-4.5.0.tgz"
  integrity sha512-GOSBW84kiS99LwPlFCo/EQ+NoQveuY7KxX27lmrYpLB0Q4wgBIB0zt7hy4+iP9j9vf5kq/GWT5I2MqDYFoSwaA==
  dependencies:
    "@comunica/types" "^4.5.0"

"@comunica/statistic-base@^5.1.0":
  version "5.1.0"
  resolved "https://registry.npmjs.org/@comunica/statistic-base/-/statistic-base-5.1.0.tgz"
  integrity sha512-NjgSzdTZYZGbfgV6ixuo0sn9Npgdf+S0RsepogatH5lBeocZsXtexnTlrrI/pbjJD3QgA4/7R/u9nN57ABH0Ug==
  dependencies:
    "@comunica/types" "^5.1.0"

"@comunica/statistic-link-dereference@^4.5.0":
  version "4.5.0"
  resolved "https://registry.npmjs.org/@comunica/statistic-link-dereference/-/statistic-link-dereference-4.5.0.tgz"
  integrity sha512-xH7ptNrZrHVWgHb5PIOcQoZwGyuES/y/h+Jd7gOs4gymIZTtJSeQckXXETRb5DJT4WITIy6amI30soU4PYCLkw==
  dependencies:
    "@comunica/context-entries" "^4.5.0"
    "@comunica/core" "^4.5.0"
    "@comunica/statistic-base" "^4.5.0"
    "@comunica/types" "^4.5.0"

"@comunica/statistic-link-dereference@^5.0.5":
  version "5.1.3"
  resolved "file:../caching-link-traversal/comunica-caching/packages/statistic-link-dereference"
  dependencies:
    "@comunica/context-entries" "^5.1.3"
    "@comunica/core" "^5.1.3"
    "@comunica/statistic-base" "^5.1.3"
    "@comunica/types" "^5.1.3"

"@comunica/statistic-link-discovery@^4.5.0":
  version "4.5.0"
  resolved "https://registry.npmjs.org/@comunica/statistic-link-discovery/-/statistic-link-discovery-4.5.0.tgz"
  integrity sha512-ZIh9HXyu/qTD/4ukTWNDIDoucJzzP9hcpaL2FIUmJOUARGZj4TmRTGPVF5gTxYdYaP4haQecX3IlWB88PkuNzw==
  dependencies:
    "@comunica/context-entries" "^4.5.0"
    "@comunica/core" "^4.5.0"
    "@comunica/statistic-base" "^4.5.0"
    "@comunica/types" "^4.5.0"

"@comunica/statistic-link-discovery@^5.0.5":
  version "5.1.0"
  resolved "https://registry.npmjs.org/@comunica/statistic-link-discovery/-/statistic-link-discovery-5.1.0.tgz"
  integrity sha512-kSamuMWWmiauzsdwRbbnJeOx8j3QtenQ5tgInIGaf90bJXplmOUKRYFjv53b89EH/CJQ4ujOWFWS/rvCM9Advg==
  dependencies:
    "@comunica/context-entries" "^5.1.0"
    "@comunica/core" "^5.1.0"
    "@comunica/statistic-base" "^5.1.0"
    "@comunica/types" "^5.1.0"

"@comunica/types-link-traversal@^0.7.0":
  version "0.7.0"
  resolved "https://registry.npmjs.org/@comunica/types-link-traversal/-/types-link-traversal-0.7.0.tgz"
  integrity sha512-78YPZJq/X8syBYfhRiyMdfQg5UGuRI+oTeo1+aC+7qV7gSa/iyEkhof9eqLAFRfR9qAh7nFuO8bM5w+X/T9vOg==
  dependencies:
    "@comunica/types" "^4.2.0"

"@comunica/types@^4.2.0":
  version "4.2.0"
  resolved "https://registry.npmjs.org/@comunica/types/-/types-4.2.0.tgz"
  integrity sha512-3Vf3FOUB/i7tdlghovHsgjoZbdqIgB0m01UGwpxCBHI/swbxcqhQzmKFjU9T3gNxurmsdqafF8Unoh9ZCwNuRw==
  dependencies:
    "@rdfjs/types" "*"
    "@types/yargs" "^17.0.24"
    asynciterator "^3.9.0"
    lru-cache "^10.0.1"
    sparqlalgebrajs "^4.3.8"

"@comunica/types@^4.5.0":
  version "4.5.0"
  resolved "https://registry.npmjs.org/@comunica/types/-/types-4.5.0.tgz"
  integrity sha512-XhnkspVgYilchErpSAELHRA7B4wRszDdvCkhbd52vjLrThzGUDfDoGx+56y4AeziWkxQLNug8AZbo/Q6J2vCzQ==
  dependencies:
    "@rdfjs/types" "*"
    "@types/yargs" "^17.0.24"
    asynciterator "^3.9.0"
    lru-cache "^10.0.1"
    sparqlalgebrajs "^5.0.2"

"@comunica/types@^5.0.5", "@comunica/types@^5.1.0":
  version "5.1.0"
  resolved "https://registry.npmjs.org/@comunica/types/-/types-5.1.0.tgz"
  integrity sha512-OEKbm4fXhnWMgbqHFXFM6kWKva0d/iEazLma20lYRjdv7iQ+xNkHRg9B6jjcH+VEeF4mGL3CYqW35UhpCVMTZg==
  dependencies:
    "@comunica/utils-algebra" "^5.0.0"
    "@rdfjs/types" "*"
    "@types/yargs" "^17.0.24"
    asynciterator "^3.10.0"
    lru-cache "^11.2.2"

"@comunica/utils-algebra@^5.0.0":
  version "5.0.0"
  resolved "https://registry.npmjs.org/@comunica/utils-algebra/-/utils-algebra-5.0.0.tgz"
  integrity sha512-tkDwfIUpYilJJTuUHTavHRulpH/r4tJey5noMK11Pp7UC0W+fHuLQiY5XXpMFdug/imajg1XGTGJ9xojsGTIPw==
  dependencies:
    "@traqula/algebra-transformations-1-2" "^1.0.0"
    "@traqula/core" "^1.0.0"

"@rdfjs/types@*":
  version "2.0.1"
  resolved "https://registry.npmjs.org/@rdfjs/types/-/types-2.0.1.tgz"
  integrity sha512-uyAzpugX7KekAXAHq26m3JlUIZJOC0uSBhpnefGV5i15bevDyyejoB7I+9MKeUrzXD8OOUI3+4FeV1wwQr5ihA==
  dependencies:
    "@types/node" "*"

"@rdfjs/types@^1.0.0", "@rdfjs/types@1.1.2":
  version "1.1.2"
  resolved "https://registry.npmjs.org/@rdfjs/types/-/types-1.1.2.tgz"
  integrity sha512-wqpOJK1QCbmsGNtyzYnojPU8gRDPid2JO0Q0kMtb4j65xhCK880cnKAfEOwC+dX85VJcCByQx5zOwyyfCjDJsg==
  dependencies:
    "@types/node" "*"

"@rdfjs/types@^2.0.0":
  version "2.0.1"
  resolved "https://registry.npmjs.org/@rdfjs/types/-/types-2.0.1.tgz"
  integrity sha512-uyAzpugX7KekAXAHq26m3JlUIZJOC0uSBhpnefGV5i15bevDyyejoB7I+9MKeUrzXD8OOUI3+4FeV1wwQr5ihA==
  dependencies:
    "@types/node" "*"

"@rdfjs/types@>=1.0.0":
  version "2.0.1"
  resolved "https://registry.npmjs.org/@rdfjs/types/-/types-2.0.1.tgz"
  integrity sha512-uyAzpugX7KekAXAHq26m3JlUIZJOC0uSBhpnefGV5i15bevDyyejoB7I+9MKeUrzXD8OOUI3+4FeV1wwQr5ihA==
  dependencies:
    "@types/node" "*"

"@rubeneschauzier/statistic-traversal-topology@^0.7.0":
  version "0.7.0"
  resolved "https://registry.npmjs.org/@rubeneschauzier/statistic-traversal-topology/-/statistic-traversal-topology-0.7.0.tgz"
  integrity sha512-9wS0H88XkhHTJuxeS6WZirQTpIRGaTzyxVFPgxji06fTNIVraEWSEInMN2t9ZbG7m0qwRH6wCeMpUZLFLGkMiQ==
  dependencies:
    "@comunica/context-entries" "^4.5.0"
    "@comunica/context-entries-link-traversal" "^0.7.0"
    "@comunica/core" "^4.5.0"
    "@comunica/statistic-base" "^4.5.0"
    "@comunica/statistic-link-dereference" "^4.5.0"
    "@comunica/statistic-link-discovery" "^4.5.0"
    "@comunica/types" "^4.5.0"

"@traqula/algebra-transformations-1-1@^1.0.0":
  version "1.0.0"
  resolved "https://registry.npmjs.org/@traqula/algebra-transformations-1-1/-/algebra-transformations-1-1-1.0.0.tgz"
  integrity sha512-JgWnSiMp31I5vbNgV+d6gMGJN85oE4jiYfSDnIW+PBdMAqx3EJBGGxUsSgqTx3CEMoI3NDMKjnR3BLAt02gysw==
  dependencies:
    "@traqula/core" "^1.0.0"
    "@traqula/rules-sparql-1-1" "^1.0.0"
    fast-deep-equal "^3.1.3"
    rdf-data-factory "^2.0.1"
    rdf-isomorphic "^2.0.0"
    rdf-string "^2.0.0"

"@traqula/algebra-transformations-1-2@^1.0.0":
  version "1.0.0"
  resolved "https://registry.npmjs.org/@traqula/algebra-transformations-1-2/-/algebra-transformations-1-2-1.0.0.tgz"
  integrity sha512-FjLWxyoVprm8CKP7udV2bpmJRrj/M+ZPlxjJYj1FHoRUHWyZ7EAbDRpg/NpGd3ku1B82Vd6sf+s1Q/X6szj+cg==
  dependencies:
    "@traqula/algebra-transformations-1-1" "^1.0.0"
    "@traqula/rules-sparql-1-2" "^1.0.0"
    rdf-string "^2.0.0"

"@traqula/chevrotain@^1.0.0":
  version "1.0.0"
  resolved "https://registry.npmjs.org/@traqula/chevrotain/-/chevrotain-1.0.0.tgz"
  integrity sha512-kyyT9aXpcJmJ3Bvq/MoeGA9e2vhrPdgOrswHaGC9WEQqXfsxJAye2Y+6aJdSGYZJMiH6CcAzgYLIJt1UDBvB0A==
  dependencies:
    chevrotain "^11.0.3"

"@traqula/core@^1.0.0":
  version "1.0.0"
  resolved "https://registry.npmjs.org/@traqula/core/-/core-1.0.0.tgz"
  integrity sha512-+ipnc6AyTmn7LEh6F4RnLIWgJ4xzstZdKBKSYG1Dj3nUXkA8rJ2fyrZJ+nN5g0B9ay9s13NijU4IbBgn+hWe/Q==
  dependencies:
    "@traqula/chevrotain" "^1.0.0"

"@traqula/rules-sparql-1-1@^1.0.0":
  version "1.0.0"
  resolved "https://registry.npmjs.org/@traqula/rules-sparql-1-1/-/rules-sparql-1-1-1.0.0.tgz"
  integrity sha512-UZg1kEuuya7bxmGQWVMrkttaLvy9u9lY+q1sIZhhM9azJ7wdbyKwVlhXs/CG+fxXLvU1hbBiG2a7OEh9dpx+mQ==
  dependencies:
    "@traqula/chevrotain" "^1.0.0"
    "@traqula/core" "^1.0.0"

"@traqula/rules-sparql-1-2@^1.0.0":
  version "1.0.0"
  resolved "https://registry.npmjs.org/@traqula/rules-sparql-1-2/-/rules-sparql-1-2-1.0.0.tgz"
  integrity sha512-Yo6VBh1n84HiZH1xHTgpXhJfiaQorTpjJ1o1SaHgOGtmAD6GaqhgfbK9G1ZWk6btKA6tglCS7VgMYG3or930lQ==
  dependencies:
    "@traqula/core" "^1.0.0"
    "@traqula/rules-sparql-1-1" "^1.0.0"

"@types/http-link-header@^1.0.1":
  version "1.0.7"
  resolved "https://registry.npmjs.org/@types/http-link-header/-/http-link-header-1.0.7.tgz"
  integrity sha512-snm5oLckop0K3cTDAiBnZDy6ncx9DJ3mCRDvs42C884MbVYPP74Tiq2hFsSDRTyjK6RyDYDIulPiW23ge+g5Lw==
  dependencies:
    "@types/node" "*"

"@types/node@*", "@types/node@^20.19.37":
  version "20.19.37"
  resolved "https://registry.npmjs.org/@types/node/-/node-20.19.37.tgz"
  integrity sha512-8kzdPJ3FsNsVIurqBs7oodNnCEVbni9yUEkaHbgptDACOPW04jimGagZ51E6+lXUwJjgnBw+hyko/lkFWCldqw==
  dependencies:
    undici-types "~6.21.0"

"@types/node@^18.0.0":
  version "18.19.123"
  resolved "https://registry.npmjs.org/@types/node/-/node-18.19.123.tgz"
  integrity sha512-K7DIaHnh0mzVxreCR9qwgNxp3MH9dltPNIEddW9MYUlcKAzm+3grKNSTe2vCJHI1FaLpvpL5JGJrz1UZDKYvDg==
  dependencies:
    undici-types "~5.26.4"

"@types/sparqljs@^3.1.3":
  version "3.1.12"
  resolved "https://registry.npmjs.org/@types/sparqljs/-/sparqljs-3.1.12.tgz"
  integrity sha512-zg/sdKKtYI0845wKPSuSgunyU1o/+7tRzMw85lHsf4p/0UbA6+65MXAyEtv1nkaqSqrq/bXm7+bqXas+Xo5dpQ==
  dependencies:
    "@rdfjs/types" ">=1.0.0"

"@types/yargs-parser@*":
  version "21.0.3"
  resolved "https://registry.npmjs.org/@types/yargs-parser/-/yargs-parser-21.0.3.tgz"
  integrity sha512-I4q9QU9MQv4oEOz4tAHJtNz1cwuLxn2F3xcc2iV5WdqLPpUnj30aUuxt1mAxYTG+oe8CZMV/+6rU4S4gRDzqtQ==

"@types/yargs@^17.0.24":
  version "17.0.33"
  resolved "https://registry.npmjs.org/@types/yargs/-/yargs-17.0.33.tgz"
  integrity sha512-WpxBCKWPLr4xSsHgz511rFJAM+wS28w2zEO1QDNY5zM/S8ok70NNfztH0xwhqKyaK0OHCbN98LDAZuy1ctxDkA==
  dependencies:
    "@types/yargs-parser" "*"

asynciterator@^3.10.0:
  version "3.10.0"
  resolved "https://registry.npmjs.org/asynciterator/-/asynciterator-3.10.0.tgz"
  integrity sha512-eDOBoUf2m+4ht0ETVn2SCfuBIZZ6UWyyQbP++LRPKoK7PmrCQq37pJ6vRvyef4o1Pn+CwWnzMlkXxGdh/krVIw==
  dependencies:
    tiny-set-immediate "^1.0.2"

asynciterator@^3.9.0:
  version "3.9.0"
  resolved "https://registry.npmjs.org/asynciterator/-/asynciterator-3.9.0.tgz"
  integrity sha512-bwLLTAnoE6Ap6XdjK/j8vDk2Vi9p3ojk0PFwM0SwktAG1k8pfRJF9ng+mmkaRFKdZCQQlOxcWnvOmX2NQ1HV0g==

chevrotain@^11.0.3:
  version "11.1.1"
  resolved "https://registry.npmjs.org/chevrotain/-/chevrotain-11.1.1.tgz"
  integrity sha512-f0yv5CPKaFxfsPTBzX7vGuim4oIC1/gcS7LUGdBSwl2dU6+FON6LVUksdOo1qJjoUvXNn45urgh8C+0a24pACQ==
  dependencies:
    "@chevrotain/cst-dts-gen" "11.1.1"
    "@chevrotain/gast" "11.1.1"
    "@chevrotain/regexp-to-ast" "11.1.1"
    "@chevrotain/types" "11.1.1"
    "@chevrotain/utils" "11.1.1"
    lodash-es "4.17.23"

cross-fetch@^3.0.6:
  version "3.2.0"
  resolved "https://registry.npmjs.org/cross-fetch/-/cross-fetch-3.2.0.tgz"
  integrity sha512-Q+xVJLoGOeIMXZmbUK4HYk+69cQH6LudR0Vu/pRm2YlU/hDV9CiS0gKUMaWY5f2NeUH9C1nV3bsTlCo0FsTV1Q==
  dependencies:
    node-fetch "^2.7.0"

fast-deep-equal@^3.1.3:
  version "3.1.3"
  resolved "https://registry.npmjs.org/fast-deep-equal/-/fast-deep-equal-3.1.3.tgz"
  integrity sha512-f3qQ9oQy9j2AhBe/H9VC91wLmKBCCU/gDOnKNAYG5hswO7BLKj09Hc5HYNz9cGI++xlpDCIgDaitVs03ATR84Q==

hash.js@^1.1.7:
  version "1.1.7"
  resolved "https://registry.npmjs.org/hash.js/-/hash.js-1.1.7.tgz"
  integrity sha512-taOaskGt4z4SOANNseOviYDvjEJinIkRgmp7LbKP2YTTmVxWBl87s/uzK9r+44BclBSp2X7K1hqeNfz9JbBeXA==
  dependencies:
    inherits "^2.0.3"
    minimalistic-assert "^1.0.1"

http-link-header@^1.0.2:
  version "1.1.3"
  resolved "https://registry.npmjs.org/http-link-header/-/http-link-header-1.1.3.tgz"
  integrity sha512-3cZ0SRL8fb9MUlU3mKM61FcQvPfXx2dBrZW3Vbg5CXa8jFlK8OaEpePenLe1oEXQduhz8b0QjsqfS59QP4AJDQ==

immutable@^4.3.7:
  version "4.3.7"
  resolved "https://registry.npmjs.org/immutable/-/immutable-4.3.7.tgz"
  integrity sha512-1hqclzwYwjRDFLjcFxOM5AYkkG0rpFPpr1RLPMEuGczoS7YA8gLhy8SWXYRAA/XwfEHpfo3cw5JGioS32fnMRw==

immutable@^5.1.3:
  version "5.1.4"
  resolved "https://registry.npmjs.org/immutable/-/immutable-5.1.4.tgz"
  integrity sha512-p6u1bG3YSnINT5RQmx/yRZBpenIl30kVxkTLDyHLIMk0gict704Q9n+thfDI7lTRm9vXdDYutVzXhzcThxTnXA==

imurmurhash@^0.1.4:
  version "0.1.4"
  resolved "https://registry.npmjs.org/imurmurhash/-/imurmurhash-0.1.4.tgz"
  integrity sha512-JmXMZ6wuvDmLiHEml9ykzqO6lwFbof0GG4IkcGaENdCRDDmMVnny7s5HsIgHCbaq0w2MyPhDqkhTUgS2LU2PHA==

inherits@^2.0.3:
  version "2.0.4"
  resolved "https://registry.npmjs.org/inherits/-/inherits-2.0.4.tgz"
  integrity sha512-k/vGaX4/Yla3WzyMCvTQOXYeIHvqOKtnqBduzTHpzpQZzAskKMhZ2K+EnBiSM9zGSoIFeMpXKxa4dYeZIQqewQ==

jsonld-context-parser@^2.2.2:
  version "2.4.0"
  resolved "https://registry.npmjs.org/jsonld-context-parser/-/jsonld-context-parser-2.4.0.tgz"
  integrity sha512-ZYOfvh525SdPd9ReYY58dxB3E2RUEU4DJ6ZibO8AitcowPeBH4L5rCAitE2om5G1P+HMEgYEYEr4EZKbVN4tpA==
  dependencies:
    "@types/http-link-header" "^1.0.1"
    "@types/node" "^18.0.0"
    cross-fetch "^3.0.6"
    http-link-header "^1.0.2"
    relative-to-absolute-iri "^1.0.5"

lodash-es@4.17.23:
  version "4.17.23"
  resolved "https://registry.npmjs.org/lodash-es/-/lodash-es-4.17.23.tgz"
  integrity sha512-kVI48u3PZr38HdYz98UmfPnXl2DXrpdctLrFLCd3kOx1xUkOmpFPx7gCWWM5MPkL/fD8zb+Ph0QzjGFs4+hHWg==

lru-cache@^10.0.1:
  version "10.4.3"
  resolved "https://registry.npmjs.org/lru-cache/-/lru-cache-10.4.3.tgz"
  integrity sha512-JNAzZcXrCt42VGLuYz0zfAzDfAvJWW6AfYlDBQyDV5DClI2m5sAmK+OIO7s59XfsRsWHp02jAJrRadPRGTt6SQ==

lru-cache@^11.2.2:
  version "11.2.5"
  resolved "https://registry.npmjs.org/lru-cache/-/lru-cache-11.2.5.tgz"
  integrity sha512-vFrFJkWtJvJnD5hg+hJvVE8Lh/TcMzKnTgCWmtBipwI5yLX/iX+5UB2tfuyODF5E7k9xEzMdYgGqaSb1c0c5Yw==

minimalistic-assert@^1.0.1:
  version "1.0.1"
  resolved "https://registry.npmjs.org/minimalistic-assert/-/minimalistic-assert-1.0.1.tgz"
  integrity sha512-UtJcAD4yEaGtjPezWuO9wC4nwUnVH/8/Im3yEHQP4b67cXlD/Qr9hdITCU1xDbSEXg2XKNaP8jsReV7vQd00/A==

minimist@^1.2.6:
  version "1.2.8"
  resolved "https://registry.npmjs.org/minimist/-/minimist-1.2.8.tgz"
  integrity sha512-2yyAR8qBkN3YuheJanUpWC5U3bb5osDywNB8RzDVlDwDHbocAJveqqj1u8+SVD7jkWT4yvsHCpWqqWqAxb0zCA==

node-fetch@^2.7.0:
  version "2.7.0"
  resolved "https://registry.npmjs.org/node-fetch/-/node-fetch-2.7.0.tgz"
  integrity sha512-c4FRfUm/dbcWZ7U+1Wq0AwCyFL+3nt2bEw05wfxSz+DWpWsitgmSgYmy2dQdWyKC1694ELPqMs/YzUSNozLt8A==
  dependencies:
    whatwg-url "^5.0.0"

object-inspect@^1.12.2:
  version "1.13.4"
  resolved "https://registry.npmjs.org/object-inspect/-/object-inspect-1.13.4.tgz"
  integrity sha512-W67iLl4J2EXEGTbfeHCffrjDfitvLANg0UlX3wFUUSTx92KXRFegMHUVgSqE+wvhAbi4WqjGg9czysTV2Epbew==

process@^0.11.10:
  version "0.11.10"
  resolved "https://registry.npmjs.org/process/-/process-0.11.10.tgz"
  integrity sha512-cdGef/drWFoydD1JsMzuFf8100nZl+GT+yacc2bEced5f9Rjk4z+WtFUTBu9PhOi9j/jfmBPu0mMEY4wIdAF8A==

rdf-data-factory@^1.1.0:
  version "1.1.3"
  resolved "https://registry.npmjs.org/rdf-data-factory/-/rdf-data-factory-1.1.3.tgz"
  integrity sha512-ny6CI7m2bq4lfQQmDYvcb2l1F9KtGwz9chipX4oWu2aAtVoXjb7k3d8J1EsgAsEbMXnBipB/iuRen5H2fwRWWQ==
  dependencies:
    "@rdfjs/types" "^1.0.0"

rdf-data-factory@^1.1.2:
  version "1.1.3"
  resolved "https://registry.npmjs.org/rdf-data-factory/-/rdf-data-factory-1.1.3.tgz"
  integrity sha512-ny6CI7m2bq4lfQQmDYvcb2l1F9KtGwz9chipX4oWu2aAtVoXjb7k3d8J1EsgAsEbMXnBipB/iuRen5H2fwRWWQ==
  dependencies:
    "@rdfjs/types" "^1.0.0"

rdf-data-factory@^2.0.0, rdf-data-factory@^2.0.1:
  version "2.0.2"
  resolved "https://registry.npmjs.org/rdf-data-factory/-/rdf-data-factory-2.0.2.tgz"
  integrity sha512-WzPoYHwQYWvIP9k+7IBLY1b4nIDitzAK4mA37WumAF/Cjvu/KOtYJH9IPZnUTWNSd5K2+pq4vrcE9WZC4sRHhg==
  dependencies:
    "@rdfjs/types" "^2.0.0"

rdf-isomorphic@^1.3.0:
  version "1.3.1"
  resolved "https://registry.npmjs.org/rdf-isomorphic/-/rdf-isomorphic-1.3.1.tgz"
  integrity sha512-6uIhsXTVp2AtO6f41PdnRV5xZsa0zVZQDTBdn0br+DZuFf5M/YD+T6m8hKDUnALI6nFL/IujTMLgEs20MlNidQ==
  dependencies:
    "@rdfjs/types" "*"
    hash.js "^1.1.7"
    rdf-string "^1.6.0"
    rdf-terms "^1.7.0"

rdf-isomorphic@^2.0.0:
  version "2.0.1"
  resolved "https://registry.npmjs.org/rdf-isomorphic/-/rdf-isomorphic-2.0.1.tgz"
  integrity sha512-8pfA3PeDs1sVrZ2R3dCR4KRM69m3pQGhzviNQq5Az/+Zch4I+fKstjGxCZ5ADAFPsm9zxHk8zMEQ/BFcqlnLKw==
  dependencies:
    imurmurhash "^0.1.4"
    rdf-string "^2.0.0"
    rdf-terms "^2.0.0"

rdf-string@^1.6.0:
  version "1.6.3"
  resolved "https://registry.npmjs.org/rdf-string/-/rdf-string-1.6.3.tgz"
  integrity sha512-HIVwQ2gOqf+ObsCLSUAGFZMIl3rh9uGcRf1KbM85UDhKqP+hy6qj7Vz8FKt3GA54RiThqK3mNcr66dm1LP0+6g==
  dependencies:
    "@rdfjs/types" "*"
    rdf-data-factory "^1.1.0"

rdf-string@^2.0.0:
  version "2.0.1"
  resolved "https://registry.npmjs.org/rdf-string/-/rdf-string-2.0.1.tgz"
  integrity sha512-SMW4ponnKNrsP9kYpOLyICeM4UJmEXIeS3zri7kPK9gzLFsHD88oiza8LnokNYxd76zW4JoYWD+v4x0g8rJBjw==
  dependencies:
    rdf-data-factory "^2.0.0"

rdf-terms@^1.10.0, rdf-terms@^1.7.0:
  version "1.11.0"
  resolved "https://registry.npmjs.org/rdf-terms/-/rdf-terms-1.11.0.tgz"
  integrity sha512-iKlVgnMopRKl9pHVNrQrax7PtZKRCT/uJIgYqvuw1VVQb88zDvurtDr1xp0rt7N9JtKtFwUXoIQoEsjyRo20qQ==
  dependencies:
    "@rdfjs/types" "*"
    rdf-data-factory "^1.1.0"
    rdf-string "^1.6.0"

rdf-terms@^2.0.0:
  version "2.0.0"
  resolved "https://registry.npmjs.org/rdf-terms/-/rdf-terms-2.0.0.tgz"
  integrity sha512-9O+ifVcvY4ZktOr+uXKswoOV6airAsIKeqCr+C47kFZBB8X+NyPSqDRGgI6X+je8It6z2e9jZhWwjJiEZ8Yn5Q==
  dependencies:
    rdf-data-factory "^2.0.0"
    rdf-string "^2.0.0"

relative-to-absolute-iri@^1.0.5:
  version "1.0.7"
  resolved "https://registry.npmjs.org/relative-to-absolute-iri/-/relative-to-absolute-iri-1.0.7.tgz"
  integrity sha512-Xjyl4HmIzg2jzK/Un2gELqbcE8Fxy85A/aLSHE6PE/3+OGsFwmKVA1vRyGaz6vLWSqLDMHA+5rjD/xbibSQN1Q==

sparqlalgebrajs@^4.3.8:
  version "4.3.8"
  resolved "https://registry.npmjs.org/sparqlalgebrajs/-/sparqlalgebrajs-4.3.8.tgz"
  integrity sha512-Xo1/5icRtVk2N38BrY9NXN8N/ZPjULlns7sDHv0nlcGOsOediBLWVy8LmV+Q90RHvb3atZZbrFy3VqrM4iXciA==
  dependencies:
    "@rdfjs/types" "*"
    "@types/sparqljs" "^3.1.3"
    fast-deep-equal "^3.1.3"
    minimist "^1.2.6"
    rdf-data-factory "^1.1.0"
    rdf-isomorphic "^1.3.0"
    rdf-string "^1.6.0"
    rdf-terms "^1.10.0"
    sparqljs "^3.7.1"

sparqlalgebrajs@^5.0.2:
  version "5.0.2"
  resolved "https://registry.npmjs.org/sparqlalgebrajs/-/sparqlalgebrajs-5.0.2.tgz"
  integrity sha512-Xz7byRqWqCMkbM+3ogGmKO/wsezQKQQNleoggP03sCTTFfCh/ZlN5CGt+HkrOenDSktZ93jpKFbbaIRjLOYtWw==
  dependencies:
    "@types/sparqljs" "^3.1.3"
    fast-deep-equal "^3.1.3"
    minimist "^1.2.6"
    rdf-data-factory "^2.0.1"
    rdf-isomorphic "^2.0.0"
    rdf-string "^2.0.0"
    rdf-terms "^2.0.0"
    sparqljs "^3.7.1"

sparqljs@^3.7.1:
  version "3.7.3"
  resolved "https://registry.npmjs.org/sparqljs/-/sparqljs-3.7.3.tgz"
  integrity sha512-FQfHUhfwn5PD9WH6xPU7DhFfXMgqK/XoDrYDVxz/grhw66Il0OjRg3JBgwuEvwHnQt7oSTiKWEiCZCPNaUbqgg==
  dependencies:
    rdf-data-factory "^1.1.2"

tiny-set-immediate@^1.0.2:
  version "1.0.2"
  resolved "https://registry.npmjs.org/tiny-set-immediate/-/tiny-set-immediate-1.0.2.tgz"
  integrity sha512-EVbaM4zXFWS4CIqVoPzY7XIioQ5LU1p49AHizwPO1KyFyp/gxy5SA8mDmfDVl/2WLQiHgUL+esO6Ig+KhpUxUw==

tr46@~0.0.3:
  version "0.0.3"
  resolved "https://registry.npmjs.org/tr46/-/tr46-0.0.3.tgz"
  integrity sha512-N3WMsuqV66lT30CrXNbEjx4GEwlow3v6rr4mCcv6prnfwhS01rkgyFdjPNBYd9br7LpXV1+Emh01fHnq2Gdgrw==

typescript@^5.5.3:
  version "5.5.3"
  resolved "https://registry.npmjs.org/typescript/-/typescript-5.5.3.tgz"
  integrity sha512-/hreyEujaB0w76zKo6717l3L0o/qEUtRgdvUBvlkhoWeOVMjMuHNHk0BRBzikzuGDqNmPQbg5ifMEqsHLiIUcQ==

undici-types@~5.26.4:
  version "5.26.5"
  resolved "https://registry.npmjs.org/undici-types/-/undici-types-5.26.5.tgz"
  integrity sha512-JlCMO+ehdEIKqlFxk6IfVoAUVmgz7cU7zD/h9XZ0qzeosSHmUJVOzSQvvYSYWXkFXC+IfLKSIffhv0sVZup6pA==

undici-types@~6.21.0:
  version "6.21.0"
  resolved "https://registry.npmjs.org/undici-types/-/undici-types-6.21.0.tgz"
  integrity sha512-iwDZqg0QAGrg9Rav5H4n0M64c3mkR59cJ6wQp+7C4nI0gsmExaedaYLNO44eT4AtBBwjbTiGPMlt2Md0T9H9JQ==

webidl-conversions@^3.0.0:
  version "3.0.1"
  resolved "https://registry.npmjs.org/webidl-conversions/-/webidl-conversions-3.0.1.tgz"
  integrity sha512-2JAn3z8AR6rjK8Sm8orRC0h/bcl/DqL7tRPdGZ4I1CjdF+EaMLmYxBHyXuKL849eucPFhvBoxMsflfOb8kxaeQ==

whatwg-url@^5.0.0:
  version "5.0.0"
  resolved "https://registry.npmjs.org/whatwg-url/-/whatwg-url-5.0.0.tgz"
  integrity sha512-saE57nupxk6v3HY35+jzBwYa0rKSy0XR8JSxZPwgLr7ys0IBzhGviA1/TUGJLmSVqs8pb9AnvICXEuOHLprYTw==
  dependencies:
    tr46 "~0.0.3"
    webidl-conversions "^3.0.0"
