# THIS IS AN AUTOGENERATED FILE. DO NOT EDIT THIS FILE DIRECTLY.
# yarn lockfile v1


"@comunica/context-entries@^4.2.0":
  version "4.2.0"
  resolved "https://registry.yarnpkg.com/@comunica/context-entries/-/context-entries-4.2.0.tgz#c14d3b87ae8040cde3fae8c9b35f7a779efe9851"
  integrity sha512-F9FDSHXUP9TT9urSC+oXo6oNJYV6Q7lDRVQPi4DL81M9S34iNgOBnTdOlHxExiEwVnRfKdTKkRii/qe4Zk7Gbg==
  dependencies:
    "@comunica/core" "^4.2.0"
    "@comunica/types" "^4.2.0"
    "@rdfjs/types" "*"
    jsonld-context-parser "^2.2.2"
    sparqlalgebrajs "^4.3.8"

"@comunica/core@^4.2.0":
  version "4.2.0"
  resolved "https://registry.yarnpkg.com/@comunica/core/-/core-4.2.0.tgz#c400b236f16a2df1aa65c3ebe42858f8b1fcbe81"
  integrity sha512-E4TfsxmBYgan9xPSCAom6B231EonTFxM/hEdFbRmVhuCv+Ids7d4UhGt3MENJDXH+UhURjqKpfzYySvAqYqVOA==
  dependencies:
    "@comunica/types" "^4.2.0"
    immutable "^4.3.7"

"@comunica/logger-pretty@^4.2.0":
  version "4.2.0"
  resolved "https://registry.yarnpkg.com/@comunica/logger-pretty/-/logger-pretty-4.2.0.tgz#1ba03996df8cf663d339b5139055127468a2b1ba"
  integrity sha512-PkiAv13icKnq5JydB7W1mBR4tc+mxpZUsnWG9tc/6V26ayd/W42FZPWDFUk7+jqdxa0oHPsaq6YrOeGFYmnsUA==
  dependencies:
    "@comunica/types" "^4.2.0"
    object-inspect "^1.12.2"
    process "^0.11.10"

"@comunica/statistic-base@^4.2.0":
  version "4.2.0"
  resolved "https://registry.yarnpkg.com/@comunica/statistic-base/-/statistic-base-4.2.0.tgz#500b7bab34e04833ba734788c04b0e89cff6d253"
  integrity sha512-xbtLZFJqGKGfz8hImOUDC6BgQABdxI6Db+O/dK0XD3qEnsCgUKufz776Gswj7vhlwJdEp4rsk2BuTCd1Cp5qkg==
  dependencies:
    "@comunica/types" "^4.2.0"

"@comunica/statistic-link-dereference@^4.1.0":
  version "4.2.0"
  resolved "https://registry.yarnpkg.com/@comunica/statistic-link-dereference/-/statistic-link-dereference-4.2.0.tgz#145e5679ad146c0ef4eca817b074cdbc3c3739ae"
  integrity sha512-VO45+Okz4U2QseaEzgNLZrqRHMF79+gQEU33zMUqdI/fzAo9bba0VoegEpZmP91dxnABsyBNw/V/7G91CNTi+w==
  dependencies:
    "@comunica/context-entries" "^4.2.0"
    "@comunica/core" "^4.2.0"
    "@comunica/statistic-base" "^4.2.0"
    "@comunica/types" "^4.2.0"

"@comunica/statistic-link-discovery@^4.1.0":
  version "4.2.0"
  resolved "https://registry.yarnpkg.com/@comunica/statistic-link-discovery/-/statistic-link-discovery-4.2.0.tgz#c430a3c1bf2bfeaa4557db65ee14c9bc81938b06"
  integrity sha512-3vWEpWBWJnJEEkdxwfvF2R8FNBAAXEzAXN67igG9qZBoJqqgUTKEwF03IGCs4YoLyHyzI1wCDJl4PwOw7dEFCg==
  dependencies:
    "@comunica/context-entries" "^4.2.0"
    "@comunica/core" "^4.2.0"
    "@comunica/statistic-base" "^4.2.0"
    "@comunica/types" "^4.2.0"

"@comunica/types@^4.2.0":
  version "4.2.0"
  resolved "https://registry.yarnpkg.com/@comunica/types/-/types-4.2.0.tgz#e4f22856434c48094070af88422c602f7423cbee"
  integrity sha512-3Vf3FOUB/i7tdlghovHsgjoZbdqIgB0m01UGwpxCBHI/swbxcqhQzmKFjU9T3gNxurmsdqafF8Unoh9ZCwNuRw==
  dependencies:
    "@rdfjs/types" "*"
    "@types/yargs" "^17.0.24"
    asynciterator "^3.9.0"
    lru-cache "^10.0.1"
    sparqlalgebrajs "^4.3.8"

"@rdfjs/types@*", "@rdfjs/types@>=1.0.0":
  version "2.0.1"
  resolved "https://registry.yarnpkg.com/@rdfjs/types/-/types-2.0.1.tgz#f10b50ceffff00b961c4265e60ac9f74550251da"
  integrity sha512-uyAzpugX7KekAXAHq26m3JlUIZJOC0uSBhpnefGV5i15bevDyyejoB7I+9MKeUrzXD8OOUI3+4FeV1wwQr5ihA==
  dependencies:
    "@types/node" "*"

"@rdfjs/types@1.1.2", "@rdfjs/types@^1.0.0":
  version "1.1.2"
  resolved "https://registry.yarnpkg.com/@rdfjs/types/-/types-1.1.2.tgz#9c2f9848c44c26d383bed2a808571de3b93b808d"
  integrity sha512-wqpOJK1QCbmsGNtyzYnojPU8gRDPid2JO0Q0kMtb4j65xhCK880cnKAfEOwC+dX85VJcCByQx5zOwyyfCjDJsg==
  dependencies:
    "@types/node" "*"

"@types/http-link-header@^1.0.1":
  version "1.0.7"
  resolved "https://registry.yarnpkg.com/@types/http-link-header/-/http-link-header-1.0.7.tgz#bb1a1671a8c6d93717e0057072e9253113fdc875"
  integrity sha512-snm5oLckop0K3cTDAiBnZDy6ncx9DJ3mCRDvs42C884MbVYPP74Tiq2hFsSDRTyjK6RyDYDIulPiW23ge+g5Lw==
  dependencies:
    "@types/node" "*"

"@types/node@*", "@types/node@^20.14.10":
  version "20.14.10"
  resolved "https://registry.npmjs.org/@types/node/-/node-20.14.10.tgz"
  integrity sha512-MdiXf+nDuMvY0gJKxyfZ7/6UFsETO7mGKF54MVD/ekJS6HdFtpZFBgrh6Pseu64XTb2MLyFPlbW6hj8HYRQNOQ==
  dependencies:
    undici-types "~5.26.4"

"@types/node@^18.0.0":
  version "18.19.123"
  resolved "https://registry.yarnpkg.com/@types/node/-/node-18.19.123.tgz#08a3e4f5e0c73b8840c677b7635ce59d5dc1f76d"
  integrity sha512-K7DIaHnh0mzVxreCR9qwgNxp3MH9dltPNIEddW9MYUlcKAzm+3grKNSTe2vCJHI1FaLpvpL5JGJrz1UZDKYvDg==
  dependencies:
    undici-types "~5.26.4"

"@types/sparqljs@^3.1.3":
  version "3.1.12"
  resolved "https://registry.yarnpkg.com/@types/sparqljs/-/sparqljs-3.1.12.tgz#29a030615a3aed6eb05fbd618ecf58ab345506f8"
  integrity sha512-zg/sdKKtYI0845wKPSuSgunyU1o/+7tRzMw85lHsf4p/0UbA6+65MXAyEtv1nkaqSqrq/bXm7+bqXas+Xo5dpQ==
  dependencies:
    "@rdfjs/types" ">=1.0.0"

"@types/yargs-parser@*":
  version "21.0.3"
  resolved "https://registry.yarnpkg.com/@types/yargs-parser/-/yargs-parser-21.0.3.tgz#815e30b786d2e8f0dcd85fd5bcf5e1a04d008f15"
  integrity sha512-I4q9QU9MQv4oEOz4tAHJtNz1cwuLxn2F3xcc2iV5WdqLPpUnj30aUuxt1mAxYTG+oe8CZMV/+6rU4S4gRDzqtQ==

"@types/yargs@^17.0.24":
  version "17.0.33"
  resolved "https://registry.yarnpkg.com/@types/yargs/-/yargs-17.0.33.tgz#8c32303da83eec050a84b3c7ae7b9f922d13e32d"
  integrity sha512-WpxBCKWPLr4xSsHgz511rFJAM+wS28w2zEO1QDNY5zM/S8ok70NNfztH0xwhqKyaK0OHCbN98LDAZuy1ctxDkA==
  dependencies:
    "@types/yargs-parser" "*"

asynciterator@^3.9.0:
  version "3.9.0"
  resolved "https://registry.yarnpkg.com/asynciterator/-/asynciterator-3.9.0.tgz#6e9a69623c4cec07e4cd85130416d52899f4e93f"
  integrity sha512-bwLLTAnoE6Ap6XdjK/j8vDk2Vi9p3ojk0PFwM0SwktAG1k8pfRJF9ng+mmkaRFKdZCQQlOxcWnvOmX2NQ1HV0g==

cross-fetch@^3.0.6:
  version "3.2.0"
  resolved "https://registry.yarnpkg.com/cross-fetch/-/cross-fetch-3.2.0.tgz#34e9192f53bc757d6614304d9e5e6fb4edb782e3"
  integrity sha512-Q+xVJLoGOeIMXZmbUK4HYk+69cQH6LudR0Vu/pRm2YlU/hDV9CiS0gKUMaWY5f2NeUH9C1nV3bsTlCo0FsTV1Q==
  dependencies:
    node-fetch "^2.7.0"

fast-deep-equal@^3.1.3:
  version "3.1.3"
  resolved "https://registry.yarnpkg.com/fast-deep-equal/-/fast-deep-equal-3.1.3.tgz#3a7d56b559d6cbc3eb512325244e619a65c6c525"
  integrity sha512-f3qQ9oQy9j2AhBe/H9VC91wLmKBCCU/gDOnKNAYG5hswO7BLKj09Hc5HYNz9cGI++xlpDCIgDaitVs03ATR84Q==

hash.js@^1.1.7:
  version "1.1.7"
  resolved "https://registry.yarnpkg.com/hash.js/-/hash.js-1.1.7.tgz#0babca538e8d4ee4a0f8988d68866537a003cf42"
  integrity sha512-taOaskGt4z4SOANNseOviYDvjEJinIkRgmp7LbKP2YTTmVxWBl87s/uzK9r+44BclBSp2X7K1hqeNfz9JbBeXA==
  dependencies:
    inherits "^2.0.3"
    minimalistic-assert "^1.0.1"

http-link-header@^1.0.2:
  version "1.1.3"
  resolved "https://registry.yarnpkg.com/http-link-header/-/http-link-header-1.1.3.tgz#b367b7a0ad1cf14027953f31aa1df40bb433da2a"
  integrity sha512-3cZ0SRL8fb9MUlU3mKM61FcQvPfXx2dBrZW3Vbg5CXa8jFlK8OaEpePenLe1oEXQduhz8b0QjsqfS59QP4AJDQ==

immutable@^4.3.7:
  version "4.3.7"
  resolved "https://registry.yarnpkg.com/immutable/-/immutable-4.3.7.tgz#c70145fc90d89fb02021e65c84eb0226e4e5a381"
  integrity sha512-1hqclzwYwjRDFLjcFxOM5AYkkG0rpFPpr1RLPMEuGczoS7YA8gLhy8SWXYRAA/XwfEHpfo3cw5JGioS32fnMRw==

inherits@^2.0.3:
  version "2.0.4"
  resolved "https://registry.yarnpkg.com/inherits/-/inherits-2.0.4.tgz#0fa2c64f932917c3433a0ded55363aae37416b7c"
  integrity sha512-k/vGaX4/Yla3WzyMCvTQOXYeIHvqOKtnqBduzTHpzpQZzAskKMhZ2K+EnBiSM9zGSoIFeMpXKxa4dYeZIQqewQ==

jsonld-context-parser@^2.2.2:
  version "2.4.0"
  resolved "https://registry.yarnpkg.com/jsonld-context-parser/-/jsonld-context-parser-2.4.0.tgz#fae15a56c5ceabd1c4520ab1a9cc12c9a0a8b67d"
  integrity sha512-ZYOfvh525SdPd9ReYY58dxB3E2RUEU4DJ6ZibO8AitcowPeBH4L5rCAitE2om5G1P+HMEgYEYEr4EZKbVN4tpA==
  dependencies:
    "@types/http-link-header" "^1.0.1"
    "@types/node" "^18.0.0"
    cross-fetch "^3.0.6"
    http-link-header "^1.0.2"
    relative-to-absolute-iri "^1.0.5"

lru-cache@^10.0.1:
  version "10.4.3"
  resolved "https://registry.yarnpkg.com/lru-cache/-/lru-cache-10.4.3.tgz#410fc8a17b70e598013df257c2446b7f3383f119"
  integrity sha512-JNAzZcXrCt42VGLuYz0zfAzDfAvJWW6AfYlDBQyDV5DClI2m5sAmK+OIO7s59XfsRsWHp02jAJrRadPRGTt6SQ==

minimalistic-assert@^1.0.1:
  version "1.0.1"
  resolved "https://registry.yarnpkg.com/minimalistic-assert/-/minimalistic-assert-1.0.1.tgz#2e194de044626d4a10e7f7fbc00ce73e83e4d5c7"
  integrity sha512-UtJcAD4yEaGtjPezWuO9wC4nwUnVH/8/Im3yEHQP4b67cXlD/Qr9hdITCU1xDbSEXg2XKNaP8jsReV7vQd00/A==

minimist@^1.2.6:
  version "1.2.8"
  resolved "https://registry.yarnpkg.com/minimist/-/minimist-1.2.8.tgz#c1a464e7693302e082a075cee0c057741ac4772c"
  integrity sha512-2yyAR8qBkN3YuheJanUpWC5U3bb5osDywNB8RzDVlDwDHbocAJveqqj1u8+SVD7jkWT4yvsHCpWqqWqAxb0zCA==

node-fetch@^2.7.0:
  version "2.7.0"
  resolved "https://registry.yarnpkg.com/node-fetch/-/node-fetch-2.7.0.tgz#d0f0fa6e3e2dc1d27efcd8ad99d550bda94d187d"
  integrity sha512-c4FRfUm/dbcWZ7U+1Wq0AwCyFL+3nt2bEw05wfxSz+DWpWsitgmSgYmy2dQdWyKC1694ELPqMs/YzUSNozLt8A==
  dependencies:
    whatwg-url "^5.0.0"

object-inspect@^1.12.2:
  version "1.13.4"
  resolved "https://registry.yarnpkg.com/object-inspect/-/object-inspect-1.13.4.tgz#8375265e21bc20d0fa582c22e1b13485d6e00213"
  integrity sha512-W67iLl4J2EXEGTbfeHCffrjDfitvLANg0UlX3wFUUSTx92KXRFegMHUVgSqE+wvhAbi4WqjGg9czysTV2Epbew==

process@^0.11.10:
  version "0.11.10"
  resolved "https://registry.yarnpkg.com/process/-/process-0.11.10.tgz#7332300e840161bda3e69a1d1d91a7d4bc16f182"
  integrity sha512-cdGef/drWFoydD1JsMzuFf8100nZl+GT+yacc2bEced5f9Rjk4z+WtFUTBu9PhOi9j/jfmBPu0mMEY4wIdAF8A==

rdf-data-factory@^1.1.0, rdf-data-factory@^1.1.2:
  version "1.1.3"
  resolved "https://registry.yarnpkg.com/rdf-data-factory/-/rdf-data-factory-1.1.3.tgz#11b39e0c80e51bca83828b2ddaa686f733be966f"
  integrity sha512-ny6CI7m2bq4lfQQmDYvcb2l1F9KtGwz9chipX4oWu2aAtVoXjb7k3d8J1EsgAsEbMXnBipB/iuRen5H2fwRWWQ==
  dependencies:
    "@rdfjs/types" "^1.0.0"

rdf-isomorphic@^1.3.0:
  version "1.3.1"
  resolved "https://registry.yarnpkg.com/rdf-isomorphic/-/rdf-isomorphic-1.3.1.tgz#cd6d433cd85bf79d903d5f0fdeea42a40eb27265"
  integrity sha512-6uIhsXTVp2AtO6f41PdnRV5xZsa0zVZQDTBdn0br+DZuFf5M/YD+T6m8hKDUnALI6nFL/IujTMLgEs20MlNidQ==
  dependencies:
    "@rdfjs/types" "*"
    hash.js "^1.1.7"
    rdf-string "^1.6.0"
    rdf-terms "^1.7.0"

rdf-string@^1.6.0:
  version "1.6.3"
  resolved "https://registry.yarnpkg.com/rdf-string/-/rdf-string-1.6.3.tgz#5c3173fad13e6328698277fb8ff151e3423282ab"
  integrity sha512-HIVwQ2gOqf+ObsCLSUAGFZMIl3rh9uGcRf1KbM85UDhKqP+hy6qj7Vz8FKt3GA54RiThqK3mNcr66dm1LP0+6g==
  dependencies:
    "@rdfjs/types" "*"
    rdf-data-factory "^1.1.0"

rdf-terms@^1.10.0, rdf-terms@^1.7.0:
  version "1.11.0"
  resolved "https://registry.yarnpkg.com/rdf-terms/-/rdf-terms-1.11.0.tgz#0c2e3a2b43f1042959c9263af27dab08dc4b084d"
  integrity sha512-iKlVgnMopRKl9pHVNrQrax7PtZKRCT/uJIgYqvuw1VVQb88zDvurtDr1xp0rt7N9JtKtFwUXoIQoEsjyRo20qQ==
  dependencies:
    "@rdfjs/types" "*"
    rdf-data-factory "^1.1.0"
    rdf-string "^1.6.0"

relative-to-absolute-iri@^1.0.5:
  version "1.0.7"
  resolved "https://registry.yarnpkg.com/relative-to-absolute-iri/-/relative-to-absolute-iri-1.0.7.tgz#f2fd6ee60c78d9ffc4926bd20bdf84479b91d765"
  integrity sha512-Xjyl4HmIzg2jzK/Un2gELqbcE8Fxy85A/aLSHE6PE/3+OGsFwmKVA1vRyGaz6vLWSqLDMHA+5rjD/xbibSQN1Q==

sparqlalgebrajs@^4.3.8:
  version "4.3.8"
  resolved "https://registry.yarnpkg.com/sparqlalgebrajs/-/sparqlalgebrajs-4.3.8.tgz#2b339120fc3e4d7cc952c113ee6f1ab8e0d3b7a5"
  integrity sha512-Xo1/5icRtVk2N38BrY9NXN8N/ZPjULlns7sDHv0nlcGOsOediBLWVy8LmV+Q90RHvb3atZZbrFy3VqrM4iXciA==
  dependencies:
    "@rdfjs/types" "*"
    "@types/sparqljs" "^3.1.3"
    fast-deep-equal "^3.1.3"
    minimist "^1.2.6"
    rdf-data-factory "^1.1.0"
    rdf-isomorphic "^1.3.0"
    rdf-string "^1.6.0"
    rdf-terms "^1.10.0"
    sparqljs "^3.7.1"

sparqljs@^3.7.1:
  version "3.7.3"
  resolved "https://registry.yarnpkg.com/sparqljs/-/sparqljs-3.7.3.tgz#075821d51ef4954284e36569503fe5558cfb71b0"
  integrity sha512-FQfHUhfwn5PD9WH6xPU7DhFfXMgqK/XoDrYDVxz/grhw66Il0OjRg3JBgwuEvwHnQt7oSTiKWEiCZCPNaUbqgg==
  dependencies:
    rdf-data-factory "^1.1.2"

tr46@~0.0.3:
  version "0.0.3"
  resolved "https://registry.yarnpkg.com/tr46/-/tr46-0.0.3.tgz#8184fd347dac9cdc185992f3a6622e14b9d9ab6a"
  integrity sha512-N3WMsuqV66lT30CrXNbEjx4GEwlow3v6rr4mCcv6prnfwhS01rkgyFdjPNBYd9br7LpXV1+Emh01fHnq2Gdgrw==

typescript@^5.5.3:
  version "5.5.3"
  resolved "https://registry.npmjs.org/typescript/-/typescript-5.5.3.tgz"
  integrity sha512-/hreyEujaB0w76zKo6717l3L0o/qEUtRgdvUBvlkhoWeOVMjMuHNHk0BRBzikzuGDqNmPQbg5ifMEqsHLiIUcQ==

undici-types@~5.26.4:
  version "5.26.5"
  resolved "https://registry.npmjs.org/undici-types/-/undici-types-5.26.5.tgz"
  integrity sha512-JlCMO+ehdEIKqlFxk6IfVoAUVmgz7cU7zD/h9XZ0qzeosSHmUJVOzSQvvYSYWXkFXC+IfLKSIffhv0sVZup6pA==

webidl-conversions@^3.0.0:
  version "3.0.1"
  resolved "https://registry.yarnpkg.com/webidl-conversions/-/webidl-conversions-3.0.1.tgz#24534275e2a7bc6be7bc86611cc16ae0a5654871"
  integrity sha512-2JAn3z8AR6rjK8Sm8orRC0h/bcl/DqL7tRPdGZ4I1CjdF+EaMLmYxBHyXuKL849eucPFhvBoxMsflfOb8kxaeQ==

whatwg-url@^5.0.0:
  version "5.0.0"
  resolved "https://registry.yarnpkg.com/whatwg-url/-/whatwg-url-5.0.0.tgz#966454e8765462e37644d3626f6742ce8b70965d"
  integrity sha512-saE57nupxk6v3HY35+jzBwYa0rKSy0XR8JSxZPwgLr7ys0IBzhGviA1/TUGJLmSVqs8pb9AnvICXEuOHLprYTw==
  dependencies:
    tr46 "~0.0.3"
    webidl-conversions "^3.0.0"
